
Microsoft Visual Studio Solution File, Format Version 12.00
# Visual Studio 15
VisualStudioVersion = 15.0.28010.2048
MinimumVisualStudioVersion = 10.0.40219.1
Project("{8BC9CEB8-8B4A-11D0-8D11-00A0C91BC942}") = "Project4", "Project4\Project4.vcxproj", "{83055FCA-0B3D-4BC3-B350-F7557E29482B}"
EndProject
Global
	GlobalSection(SolutionConfigurationPlatforms) = preSolution
		Debug|x64 = Debug|x64
		Debug|x86 = Debug|x86
		Release|x64 = Release|x64
		Release|x86 = Release|x86
	EndGlobalSection
	GlobalSection(ProjectConfigurationPlatforms) = postSolution
		{83055FCA-0B3D-4BC3-B350-F7557E29482B}.Debug|x64.ActiveCfg = Debug|x64
		{83055FCA-0B3D-4BC3-B350-F7557E29482B}.Debug|x64.Build.0 = Debug|x64
		{83055FCA-0B3D-4BC3-B350-F7557E29482B}.Debug|x86.ActiveCfg = Debug|Win32
		{83055FCA-0B3D-4BC3-B350-F7557E29482B}.Debug|x86.Build.0 = Debug|Win32
		{83055FCA-0B3D-4BC3-B350-F7557E29482B}.Release|x64.ActiveCfg = Release|x64
		{83055FCA-0B3D-4BC3-B350-F7557E29482B}.Release|x64.Build.0 = Release|x64
		{83055FCA-0B3D-4BC3-B350-F7557E29482B}.Release|x86.ActiveCfg = Release|Win32
		{83055FCA-0B3D-4BC3-B350-F7557E29482B}.Release|x86.Build.0 = Release|Win32
	EndGlobalSection
	GlobalSection(SolutionProperties) = preSolution
		HideSolutionNode = FALSE
	EndGlobalSection
	GlobalSection(ExtensibilityGlobals) = postSolution
		SolutionGuid = {84D465DD-0DAE-4915-A11D-E45449446C24}
	EndGlobalSection
EndGlobal
